// !$*UTF8*$!
{
	archiveVersion = 1;
	classes = {
	};
	objectVersion = 51;
	objects = {

/* Begin PBXBuildFile section */
		7BEDA18426933BA800FDE687 /* FirebaseauthFIrestoreApp.swift in Sources */ = {isa = PBXBuildFile; fileRef = 7BEDA18326933BA800FDE687 /* FirebaseauthFIrestoreApp.swift */; };
		7BEDA18626933BA800FDE687 /* ContentView.swift in Sources */ = {isa = PBXBuildFile; fileRef = 7BEDA18526933BA800FDE687 /* ContentView.swift */; };
		7BEDA18826933BA900FDE687 /* Assets.xcassets in Resources */ = {isa = PBXBuildFile; fileRef = 7BEDA18726933BA900FDE687 /* Assets.xcassets */; };
		7BEDA18B26933BA900FDE687 /* Preview Assets.xcassets in Resources */ = {isa = PBXBuildFile; fileRef = 7BEDA18A26933BA900FDE687 /* Preview Assets.xcassets */; };
		A82A5A18269340AB00A207DD /* GoogleService-Info.plist in Resources */ = {isa = PBXBuildFile; fileRef = A82A5A17269340AB00A207DD /* GoogleService-Info.plist */; };
		B184CA435BEC31BB1319F410 /* Pods_FirebaseauthFIrestore.framework in Frameworks */ = {isa = PBXBuildFile; fileRef = DD2E57D569F2C15D581E4D2E /* Pods_FirebaseauthFIrestore.framework */; };
/* End PBXBuildFile section */

/* Begin PBXFileReference section */
		3BF3F9F7949D9F6FACE4AA11 /* Pods-FirebaseauthFIrestore.debug.xcconfig */ = {isa = PBXFileReference; includeInIndex = 1; lastKnownFileType = text.xcconfig; name = "Pods-FirebaseauthFIrestore.debug.xcconfig"; path = "Target Support Files/Pods-FirebaseauthFIrestore/Pods-FirebaseauthFIrestore.debug.xcconfig"; sourceTree = "<group>"; };
		749D1DE988FF6402941A71C2 /* Pods-FirebaseauthFIrestore.release.xcconfig */ = {isa = PBXFileReference; includeInIndex = 1; lastKnownFileType = text.xcconfig; name = "Pods-FirebaseauthFIrestore.release.xcconfig"; path = "Target Support Files/Pods-FirebaseauthFIrestore/Pods-FirebaseauthFIrestore.release.xcconfig"; sourceTree = "<group>"; };
		7BEDA18026933BA800FDE687 /* FirebaseauthFIrestore.app */ = {isa = PBXFileReference; explicitFileType = wrapper.application; includeInIndex = 0; path = FirebaseauthFIrestore.app; sourceTree = BUILT_PRODUCTS_DIR; };
		7BEDA18326933BA800FDE687 /* FirebaseauthFIrestoreApp.swift */ = {isa = PBXFileReference; lastKnownFileType = sourcecode.swift; path = FirebaseauthFIrestoreApp.swift; sourceTree = "<group>"; };
		7BEDA18526933BA800FDE687 /* ContentView.swift */ = {isa = PBXFileReference; lastKnownFileType = sourcecode.swift; path = ContentView.swift; sourceTree = "<group>"; };
		7BEDA18726933BA900FDE687 /* Assets.xcassets */ = {isa = PBXFileReference; lastKnownFileType = folder.assetcatalog; path = Assets.xcassets; sourceTree = "<group>"; };
		7BEDA18A26933BA900FDE687 /* Preview Assets.xcassets */ = {isa = PBXFileReference; lastKnownFileType = folder.assetcatalog; path = "Preview Assets.xcassets"; sourceTree = "<group>"; };
		7BEDA18C26933BA900FDE687 /* Info.plist */ = {isa = PBXFileReference; lastKnownFileType = text.plist.xml; path = Info.plist; sourceTree = "<group>"; };
		A82A5A17269340AB00A207DD /* GoogleService-Info.plist */ = {isa = PBXFileReference; fileEncoding = 4; lastKnownFileType = text.plist.xml; path = "GoogleService-Info.plist"; sourceTree = "<group>"; };
		DD2E57D569F2C15D581E4D2E /* Pods_FirebaseauthFIrestore.framework */ = {isa = PBXFileReference; explicitFileType = wrapper.framework; includeInIndex = 0; path = Pods_FirebaseauthFIrestore.framework; sourceTree = BUILT_PRODUCTS_DIR; };
/* End PBXFileReference section */

/* Begin PBXFrameworksBuildPhase section */
		7BEDA17D26933BA800FDE687 /* Frameworks */ = {
			isa = PBXFrameworksBuildPhase;
			buildActionMask = 2147483647;
			files = (
				B184CA435BEC31BB1319F410 /* Pods_FirebaseauthFIrestore.framework in Frameworks */,
			);
			runOnlyForDeploymentPostprocessing = 0;
		};
/* End PBXFrameworksBuildPhase section */

/* Begin PBXGroup section */
		7B83C2386E0BF738D94823E0 /* Pods */ = {
			isa = PBXGroup;
			children = (
				3BF3F9F7949D9F6FACE4AA11 /* Pods-FirebaseauthFIrestore.debug.xcconfig */,
				749D1DE988FF6402941A71C2 /* Pods-FirebaseauthFIrestore.release.xcconfig */,
			);
			path = Pods;
			sourceTree = "<group>";
		};
		7BEDA17726933BA800FDE687 = {
			isa = PBXGroup;
			children = (
				7BEDA18226933BA800FDE687 /* FirebaseauthFIrestore */,
				7BEDA18126933BA800FDE687 /* Products */,
				7B83C2386E0BF738D94823E0 /* Pods */,
				D8AEE0991070B10095DCB281 /* Frameworks */,
			);
			sourceTree = "<group>";
		};
		7BEDA18126933BA800FDE687 /* Products */ = {
			isa = PBXGroup;
			children = (
				7BEDA18026933BA800FDE687 /* FirebaseauthFIrestore.app */,
			);
			name = Products;
			sourceTree = "<group>";
		};
		7BEDA18226933BA800FDE687 /* FirebaseauthFIrestore */ = {
			isa = PBXGroup;
			children = (
				7BEDA18326933BA800FDE687 /* FirebaseauthFIrestoreApp.swift */,
				7BEDA18526933BA800FDE687 /* ContentView.swift */,
				7BEDA18726933BA900FDE687 /* Assets.xcassets */,
				7BEDA18C26933BA900FDE687 /* Info.plist */,
				A82A5A17269340AB00A207DD /* GoogleService-Info.plist */,
				7BEDA18926933BA900FDE687 /* Preview Content */,
			);
			path = FirebaseauthFIrestore;
			sourceTree = "<group>";
		};
		7BEDA18926933BA900FDE687 /* Preview Content */ = {
			isa = PBXGroup;
			children = (
				7BEDA18A26933BA900FDE687 /* Preview Assets.xcassets */,
			);
			path = "Preview Content";
			sourceTree = "<group>";
		};
		D8AEE0991070B10095DCB281 /* Frameworks */ = {
			isa = PBXGroup;
			children = (
				DD2E57D569F2C15D581E4D2E /* Pods_FirebaseauthFIrestore.framework */,
			);
			name = Frameworks;
			sourceTree = "<group>";
		};
/* End PBXGroup section */

/* Begin PBXNativeTarget section */
		7BEDA17F26933BA800FDE687 /* FirebaseauthFIrestore */ = {
			isa = PBXNativeTarget;
			buildConfigurationList = 7BEDA18F26933BA900FDE687 /* Build configuration list for PBXNativeTarget "FirebaseauthFIrestore" */;
			buildPhases = (
				1038AC25A87BABBC0ED925D5 /* [CP] Check Pods Manifest.lock */,
				7BEDA17C26933BA800FDE687 /* Sources */,
				7BEDA17D26933BA800FDE687 /* Frameworks */,
				7BEDA17E26933BA800FDE687 /* Resources */,
				C8D0276747992DD1615E97A4 /* [CP] Embed Pods Frameworks */,
			);
			buildRules = (
			);
			dependencies = (
			);
			name = FirebaseauthFIrestore;
			productName = FirebaseauthFIrestore;
			productReference = 7BEDA18026933BA800FDE687 /* FirebaseauthFIrestore.app */;
			productType = "com.apple.product-type.application";
		};
/* End PBXNativeTarget section */

/* Begin PBXProject section */
		7BEDA17826933BA800FDE687 /* Project object */ = {
			isa = PBXProject;
			attributes = {
				LastSwiftUpdateCheck = 1250;
				LastUpgradeCheck = 1250;
				TargetAttributes = {
					7BEDA17F26933BA800FDE687 = {
						CreatedOnToolsVersion = 12.5.1;
					};
				};
			};
			buildConfigurationList = 7BEDA17B26933BA800FDE687 /* Build configuration list for PBXProject "FirebaseauthFIrestore" */;
			compatibilityVersion = "Xcode 9.3";
			developmentRegion = en;
			hasScannedForEncodings = 0;
			knownRegions = (
				en,
				Base,
			);
			mainGroup = 7BEDA17726933BA800FDE687;
			productRefGroup = 7BEDA18126933BA800FDE687 /* Products */;
			projectDirPath = "";
			projectRoot = "";
			targets = (
				7BEDA17F26933BA800FDE687 /* FirebaseauthFIrestore */,
			);
		};
/* End PBXProject section */

/* Begin PBXResourcesBuildPhase section */
		7BEDA17E26933BA800FDE687 /* Resources */ = {
			isa = PBXResourcesBuildPhase;
			buildActionMask = 2147483647;
			files = (
				7BEDA18B26933BA900FDE687 /* Preview Assets.xcassets in Resources */,
				7BEDA18826933BA900FDE687 /* Assets.xcassets in Resources */,
				A82A5A18269340AB00A207DD /* GoogleService-Info.plist in Resources */,
			);
			runOnlyForDeploymentPostprocessing = 0;
		};
/* End PBXResourcesBuildPhase section */

/* Begin PBXShellScriptBuildPhase section */
		1038AC25A87BABBC0ED925D5 /* [CP] Check Pods Manifest.lock */ = {
			isa = PBXShellScriptBuildPhase;
			buildActionMask = 2147483647;
			files = (
			);
			inputFileListPaths = (
			);
			inputPaths = (
				"${PODS_PODFILE_DIR_PATH}/Podfile.lock",
				"${PODS_ROOT}/Manifest.lock",
			);
			name = "[CP] Check Pods Manifest.lock";
			outputFileListPaths = (
			);
			outputPaths = (
				"$(DERIVED_FILE_DIR)/Pods-FirebaseauthFIrestore-checkManifestLockResult.txt",
			);
			runOnlyForDeploymentPostprocessing = 0;
			shellPath = /bin/sh;
			shellScript = "diff \"${PODS_PODFILE_DIR_PATH}/Podfile.lock\" \"${PODS_ROOT}/Manifest.lock\" > /dev/null\nif [ $? != 0 ] ; then\n    # print error to STDERR\n    echo \"error: The sandbox is not in sync with the Podfile.lock. Run 'pod install' or update your CocoaPods installation.\" >&2\n    exit 1\nfi\n# This output is used by Xcode 'outputs' to avoid re-running this script phase.\necho \"SUCCESS\" > \"${SCRIPT_OUTPUT_FILE_0}\"\n";
			showEnvVarsInLog = 0;
		};
		C8D0276747992DD1615E97A4 /* [CP] Embed Pods Frameworks */ = {
			isa = PBXShellScriptBuildPhase;
			buildActionMask = 2147483647;
			files = (
			);
			inputFileListPaths = (
				"${PODS_ROOT}/Target Support Files/Pods-FirebaseauthFIrestore/Pods-FirebaseauthFIrestore-frameworks-${CONFIGURATION}-input-files.xcfilelist",
			);
			name = "[CP] Embed Pods Frameworks";
			outputFileListPaths = (
				"${PODS_ROOT}/Target Support Files/Pods-FirebaseauthFIrestore/Pods-FirebaseauthFIrestore-frameworks-${CONFIGURATION}-output-files.xcfilelist",
			);
			runOnlyForDeploymentPostprocessing = 0;
			shellPath = /bin/sh;
			shellScript = "\"${PODS_ROOT}/Target Support Files/Pods-FirebaseauthFIrestore/Pods-FirebaseauthFIrestore-frameworks.sh\"\n";
			showEnvVarsInLog = 0;
		};
/* End PBXShellScriptBuildPhase section */

/* Begin PBXSourcesBuildPhase section */
		7BEDA17C26933BA800FDE687 /* Sources */ = {
			isa = PBXSourcesBuildPhase;
			buildActionMask = 2147483647;
			files = (
				7BEDA18626933BA800FDE687 /* ContentView.swift in Sources */,
				7BEDA18426933BA800FDE687 /* FirebaseauthFIrestoreApp.swift in Sources */,
			);
			runOnlyForDeploymentPostprocessing = 0;
		};
/* End PBXSourcesBuildPhase section */

/* Begin XCBuildConfiguration section */
		7BEDA18D26933BA900FDE687 /* Debug */ = {
			isa = XCBuildConfiguration;
			buildSettings = {
				ALWAYS_SEARCH_USER_PATHS = NO;
				CLANG_ANALYZER_NONNULL = YES;
				CLANG_ANALYZER_NUMBER_OBJECT_CONVERSION = YES_AGGRESSIVE;
				CLANG_CXX_LANGUAGE_STANDARD = "gnu++14";
				CLANG_CXX_LIBRARY = "libc++";
				CLANG_ENABLE_MODULES = YES;
				CLANG_ENABLE_OBJC_ARC = YES;
				CLANG_ENABLE_OBJC_WEAK = YES;
				CLANG_WARN_BLOCK_CAPTURE_AUTORELEASING = YES;
				CLANG_WARN_BOOL_CONVERSION = YES;
				CLANG_WARN_COMMA = YES;
				CLANG_WARN_CONSTANT_CONVERSION = YES;
				CLANG_WARN_DEPRECATED_OBJC_IMPLEMENTATIONS = YES;
				CLANG_WARN_DIRECT_OBJC_ISA_USAGE = YES_ERROR;
				CLANG_WARN_DOCUMENTATION_COMMENTS = YES;
				CLANG_WARN_EMPTY_BODY = YES;
				CLANG_WARN_ENUM_CONVERSION = YES;
				CLANG_WARN_INFINITE_RECURSION = YES;
				CLANG_WARN_INT_CONVERSION = YES;
				CLANG_WARN_NON_LITERAL_NULL_CONVERSION = YES;
				CLANG_WARN_OBJC_IMPLICIT_RETAIN_SELF = YES;
				CLANG_WARN_OBJC_LITERAL_CONVERSION = YES;
				CLANG_WARN_OBJC_ROOT_CLASS = YES_ERROR;
				CLANG_WARN_QUOTED_INCLUDE_IN_FRAMEWORK_HEADER = YES;
				CLANG_WARN_RANGE_LOOP_ANALYSIS = YES;
				CLANG_WARN_STRICT_PROTOTYPES = YES;
				CLANG_WARN_SUSPICIOUS_MOVE = YES;
				CLANG_WARN_UNGUARDED_AVAILABILITY = YES_AGGRESSIVE;
				CLANG_WARN_UNREACHABLE_CODE = YES;
				CLANG_WARN__DUPLICATE_METHOD_MATCH = YES;
				COPY_PHASE_STRIP = NO;
				DEBUG_INFORMATION_FORMAT = dwarf;
				ENABLE_STRICT_OBJC_MSGSEND = YES;
				ENABLE_TESTABILITY = YES;
				GCC_C_LANGUAGE_STANDARD = gnu11;
				GCC_DYNAMIC_NO_PIC = NO;
				GCC_NO_COMMON_BLOCKS = YES;
				GCC_OPTIMIZATION_LEVEL = 0;
				GCC_PREPROCESSOR_DEFINITIONS = (
					"DEBUG=1",
					"$(inherited)",
				);
				GCC_WARN_64_TO_32_BIT_CONVERSION = YES;
				GCC_WARN_ABOUT_RETURN_TYPE = YES_ERROR;
				GCC_WARN_UNDECLARED_SELECTOR = YES;
				GCC_WARN_UNINITIALIZED_AUTOS = YES_AGGRESSIVE;
				GCC_WARN_UNUSED_FUNCTION = YES;
				GCC_WARN_UNUSED_VARIABLE = YES;
				IPHONEOS_DEPLOYMENT_TARGET = 14.5;
				MTL_ENABLE_DEBUG_INFO = INCLUDE_SOURCE;
				MTL_FAST_MATH = YES;
				ONLY_ACTIVE_ARCH = YES;
				SDKROOT = iphoneos;
				SWIFT_ACTIVE_COMPILATION_CONDITIONS = DEBUG;
				SWIFT_OPTIMIZATION_LEVEL = "-Onone";
			};
			name = Debug;
		};
		7BEDA18E26933BA900FDE687 /* Release */ = {
			isa = XCBuildConfiguration;
			buildSettings = {
				ALWAYS_SEARCH_USER_PATHS = NO;
				CLANG_ANALYZER_NONNULL = YES;
				CLANG_ANALYZER_NUMBER_OBJECT_CONVERSION = YES_AGGRESSIVE;
				CLANG_CXX_LANGUAGE_STANDARD = "gnu++14";
				CLANG_CXX_LIBRARY = "libc++";
				CLANG_ENABLE_MODULES = YES;
				CLANG_ENABLE_OBJC_ARC = YES;
				CLANG_ENABLE_OBJC_WEAK = YES;
				CLANG_WARN_BLOCK_CAPTURE_AUTORELEASING = YES;
				CLANG_WARN_BOOL_CONVERSION = YES;
				CLANG_WARN_COMMA = YES;
				CLANG_WARN_CONSTANT_CONVERSION = YES;
				CLANG_WARN_DEPRECATED_OBJC_IMPLEMENTATIONS = YES;
				CLANG_WARN_DIRECT_OBJC_ISA_USAGE = YES_ERROR;
				CLANG_WARN_DOCUMENTATION_COMMENTS = YES;
				CLANG_WARN_EMPTY_BODY = YES;
				CLANG_WARN_ENUM_CONVERSION = YES;
				CLANG_WARN_INFINITE_RECURSION = YES;
				CLANG_WARN_INT_CONVERSION = YES;
				CLANG_WARN_NON_LITERAL_NULL_CONVERSION = YES;
				CLANG_WARN_OBJC_IMPLICIT_RETAIN_SELF = YES;
				CLANG_WARN_OBJC_LITERAL_CONVERSION = YES;
				CLANG_WARN_OBJC_ROOT_CLASS = YES_ERROR;
				CLANG_WARN_QUOTED_INCLUDE_IN_FRAMEWORK_HEADER = YES;
				CLANG_WARN_RANGE_LOOP_ANALYSIS = YES;
				CLANG_WARN_STRICT_PROTOTYPES = YES;
				CLANG_WARN_SUSPICIOUS_MOVE = YES;
				CLANG_WARN_UNGUARDED_AVAILABILITY = YES_AGGRESSIVE;
				CLANG_WARN_UNREACHABLE_CODE = YES;
				CLANG_WARN__DUPLICATE_METHOD_MATCH = YES;
				COPY_PHASE_STRIP = NO;
				DEBUG_INFORMATION_FORMAT = "dwarf-with-dsym";
				ENABLE_NS_ASSERTIONS = NO;
				ENABLE_STRICT_OBJC_MSGSEND = YES;
				GCC_C_LANGUAGE_STANDARD = gnu11;
				GCC_NO_COMMON_BLOCKS = YES;
				GCC_WARN_64_TO_32_BIT_CONVERSION = YES;
				GCC_WARN_ABOUT_RETURN_TYPE = YES_ERROR;
				GCC_WARN_UNDECLARED_SELECTOR = YES;
				GCC_WARN_UNINITIALIZED_AUTOS = YES_AGGRESSIVE;
				GCC_WARN_UNUSED_FUNCTION = YES;
				GCC_WARN_UNUSED_VARIABLE = YES;
				IPHONEOS_DEPLOYMENT_TARGET = 14.5;
				MTL_ENABLE_DEBUG_INFO = NO;
				MTL_FAST_MATH = YES;
				SDKROOT = iphoneos;
				SWIFT_COMPILATION_MODE = wholemodule;
				SWIFT_OPTIMIZATION_LEVEL = "-O";
				VALIDATE_PRODUCT = YES;
			};
			name = Release;
		};
		7BEDA19026933BA900FDE687 /* Debug */ = {
			isa = XCBuildConfiguration;
			baseConfigurationReference = 3BF3F9F7949D9F6FACE4AA11 /* Pods-FirebaseauthFIrestore.debug.xcconfig */;
			buildSettings = {
				ASSETCATALOG_COMPILER_APPICON_NAME = AppIcon;
				ASSETCATALOG_COMPILER_GLOBAL_ACCENT_COLOR_NAME = AccentColor;
				CODE_SIGN_STYLE = Automatic;
				DEVELOPMENT_ASSET_PATHS = "\"FirebaseauthFIrestore/Preview Content\"";
				DEVELOPMENT_TEAM = AH2T4XF947;
				ENABLE_PREVIEWS = YES;
				INFOPLIST_FILE = FirebaseauthFIrestore/Info.plist;
				IPHONEOS_DEPLOYMENT_TARGET = 14.0;
				LD_RUNPATH_SEARCH_PATHS = (
					"$(inherited)",
					"@executable_path/Frameworks",
				);
				PRODUCT_BUNDLE_IDENTIFIER = "achille-lamorthe.Bobby-s-Room";
				PRODUCT_NAME = "$(TARGET_NAME)";
				SWIFT_VERSION = 5.0;
				TARGETED_DEVICE_FAMILY = "1,2";
			};
			name = Debug;
		};
		7BEDA19126933BA900FDE687 /* Release */ = {
			isa = XCBuildConfiguration;
			baseConfigurationReference = 749D1DE988FF6402941A71C2 /* Pods-FirebaseauthFIrestore.release.xcconfig */;
			buildSettings = {
				ASSETCATALOG_COMPILER_APPICON_NAME = AppIcon;
				ASSETCATALOG_COMPILER_GLOBAL_ACCENT_COLOR_NAME = AccentColor;
				CODE_SIGN_STYLE = Automatic;
				DEVELOPMENT_ASSET_PATHS = "\"FirebaseauthFIrestore/Preview Content\"";
				DEVELOPMENT_TEAM = AH2T4XF947;
				ENABLE_PREVIEWS = YES;
				INFOPLIST_FILE = FirebaseauthFIrestore/Info.plist;
				IPHONEOS_DEPLOYMENT_TARGET = 14.0;
				LD_RUNPATH_SEARCH_PATHS = (
					"$(inherited)",
					"@executable_path/Frameworks",
				);
				PRODUCT_BUNDLE_IDENTIFIER = "achille-lamorthe.Bobby-s-Room";
				PRODUCT_NAME = "$(TARGET_NAME)";
				SWIFT_VERSION = 5.0;
				TARGETED_DEVICE_FAMILY = "1,2";
			};
			name = Release;
		};
/* End XCBuildConfiguration section */

/* Begin XCConfigurationList section */
		7BEDA17B26933BA800FDE687 /* Build configuration list for PBXProject "FirebaseauthFIrestore" */ = {
			isa = XCConfigurationList;
			buildConfigurations = (
				7BEDA18D26933BA900FDE687 /* Debug */,
				7BEDA18E26933BA900FDE687 /* Release */,
			);
			defaultConfigurationIsVisible = 0;
			defaultConfigurationName = Release;
		};
		7BEDA18F26933BA900FDE687 /* Build configuration list for PBXNativeTarget "FirebaseauthFIrestore" */ = {
			isa = XCConfigurationList;
			buildConfigurations = (
				7BEDA19026933BA900FDE687 /* Debug */,
				7BEDA19126933BA900FDE687 /* Release */,
			);
			defaultConfigurationIsVisible = 0;
			defaultConfigurationName = Release;
		};
/* End XCConfigurationList section */
	};
	rootObject = 7BEDA17826933BA800FDE687 /* Project object */;
}
